
Microsoft Visual Studio Solution File, Format Version 12.00
# Visual Studio Version 17
VisualStudioVersion = 17.11.35327.3
MinimumVisualStudioVersion = 10.0.40219.1
Project("{FAE04EC0-301F-11D3-BF4B-00C04F79EFBC}") = "Actum-Api", "ACG-Api\Actum-Api.csproj", "{634E4194-CDD1-49CF-B30F-DED8EEBF619C}"
EndProject
Project("{FAE04EC0-301F-11D3-BF4B-00C04F79EFBC}") = "Actum-NUnitTest", "ACG-NUnitTest\Actum-NUnitTest.csproj", "{D3B6A4C2-8F2B-4C1D-839B-ACF8E4D11B3D}"
EndProject
Project("{FAE04EC0-301F-11D3-BF4B-00C04F79EFBC}") = "DocGenAPI", "DocGenAPI\DocGenAPI.csproj", "{ED2D641B-0E42-420E-B30B-7DD5826025AB}"
EndProject
Project("{FAE04EC0-301F-11D3-BF4B-00C04F79EFBC}") = "Models", "Models\Models.csproj", "{00542E88-712B-4322-8941-321A846435CB}"
EndProject
Global
	GlobalSection(SolutionConfigurationPlatforms) = preSolution
		Debug|Any CPU = Debug|Any CPU
		Release|Any CPU = Release|Any CPU
	EndGlobalSection
	GlobalSection(ProjectConfigurationPlatforms) = postSolution
		{634E4194-CDD1-49CF-B30F-DED8EEBF619C}.Debug|Any CPU.ActiveCfg = Debug|Any CPU
		{634E4194-CDD1-49CF-B30F-DED8EEBF619C}.Debug|Any CPU.Build.0 = Debug|Any CPU
		{634E4194-CDD1-49CF-B30F-DED8EEBF619C}.Release|Any CPU.ActiveCfg = Release|Any CPU
		{634E4194-CDD1-49CF-B30F-DED8EEBF619C}.Release|Any CPU.Build.0 = Release|Any CPU
		{D3B6A4C2-8F2B-4C1D-839B-ACF8E4D11B3D}.Debug|Any CPU.ActiveCfg = Debug|Any CPU
		{D3B6A4C2-8F2B-4C1D-839B-ACF8E4D11B3D}.Debug|Any CPU.Build.0 = Debug|Any CPU
		{D3B6A4C2-8F2B-4C1D-839B-ACF8E4D11B3D}.Release|Any CPU.ActiveCfg = Release|Any CPU
		{D3B6A4C2-8F2B-4C1D-839B-ACF8E4D11B3D}.Release|Any CPU.Build.0 = Release|Any CPU
		{ED2D641B-0E42-420E-B30B-7DD5826025AB}.Debug|Any CPU.ActiveCfg = Debug|Any CPU
		{ED2D641B-0E42-420E-B30B-7DD5826025AB}.Debug|Any CPU.Build.0 = Debug|Any CPU
		{ED2D641B-0E42-420E-B30B-7DD5826025AB}.Release|Any CPU.ActiveCfg = Release|Any CPU
		{ED2D641B-0E42-420E-B30B-7DD5826025AB}.Release|Any CPU.Build.0 = Release|Any CPU
		{00542E88-712B-4322-8941-321A846435CB}.Debug|Any CPU.ActiveCfg = Debug|Any CPU
		{00542E88-712B-4322-8941-321A846435CB}.Debug|Any CPU.Build.0 = Debug|Any CPU
		{00542E88-712B-4322-8941-321A846435CB}.Release|Any CPU.ActiveCfg = Release|Any CPU
		{00542E88-712B-4322-8941-321A846435CB}.Release|Any CPU.Build.0 = Release|Any CPU
	EndGlobalSection
	GlobalSection(SolutionProperties) = preSolution
		HideSolutionNode = FALSE
	EndGlobalSection
	GlobalSection(ExtensibilityGlobals) = postSolution
		SolutionGuid = {64748DE1-BD97-43A2-95C3-3FF3EDFBB26D}
	EndGlobalSection
EndGlobal
